
Microsoft Visual Studio Solution File, Format Version 12.00
# Visual Studio 15
VisualStudioVersion = 15.0.27130.2010
MinimumVisualStudioVersion = 10.0.40219.1
Project("{2150E333-8FDC-42A3-9474-1A3956D46DE8}") = "18.1.Introduction( 2 )", "18.1.Introduction( 2 )", "{737BD5CB-CFF4-4E26-B2A1-BA58E50B8878}"
EndProject
Project("{FAE04EC0-301F-11D3-BF4B-00C04F79EFBC}") = "18.1.1. Life without generics", "18.1.1. Life without generics\18.1.1. Life without generics.csproj", "{22907F53-0911-4136-8B05-6759DC2FB672}"
EndProject
Project("{2150E333-8FDC-42A3-9474-1A3956D46DE8}") = "indexers", "indexers", "{4E8FEC3A-24B8-4A67-827A-096FCCFE50D2}"
EndProject
Project("{FAE04EC0-301F-11D3-BF4B-00C04F79EFBC}") = "Use of Indexers", "Use of Indexers\Use of Indexers.csproj", "{A2DDE4C0-CCB3-4D15-ABAF-8D61C645B52B}"
EndProject
Project("{FAE04EC0-301F-11D3-BF4B-00C04F79EFBC}") = "Overloaded Indexers", "Overloaded Indexers\Overloaded Indexers.csproj", "{D5186E2B-0199-474A-BFD1-D67F206FB784}"
EndProject
Project("{FAE04EC0-301F-11D3-BF4B-00C04F79EFBC}") = "An Example of An Indexer", "An Example of An Indexer\An Example of An Indexer.csproj", "{E3F8C6E0-5FAD-4F10-A0EE-A3E7E51CBBAF}"
EndProject
Project("{FAE04EC0-301F-11D3-BF4B-00C04F79EFBC}") = "IndexOutOfRangeException", "IndexOutOfRangeException\IndexOutOfRangeException.csproj", "{AABE29BC-C534-49DC-8288-EFAE7EE803DB}"
EndProject
Project("{FAE04EC0-301F-11D3-BF4B-00C04F79EFBC}") = "18.1.2. Generic Type Reflection", "18.1.2. Generic Type Reflection\18.1.2. Generic Type Reflection.csproj", "{E007019D-4435-468D-A1B0-59B1A72C47F3}"
EndProject
Project("{2150E333-8FDC-42A3-9474-1A3956D46DE8}") = "18.2.Generic List", "18.2.Generic List", "{84DB4479-DFA6-400F-B659-204B0A8E6ACB}"
EndProject
Project("{FAE04EC0-301F-11D3-BF4B-00C04F79EFBC}") = "18.2.1. Use generic list to store your own class", "18.2.1. Use generic list to store your own class\18.2.1. Use generic list to store your own class.csproj", "{9D62DEB8-0587-4DE3-AB50-48EAE1C62FC6}"
EndProject
Project("{FAE04EC0-301F-11D3-BF4B-00C04F79EFBC}") = "18.2.2. Create Reverse Iterator", "18.2.2. Create Reverse Iterator\18.2.2. Create Reverse Iterator.csproj", "{913CF2ED-ECEE-447A-A6B6-08DC955C1D90}"
EndProject
Project("{FAE04EC0-301F-11D3-BF4B-00C04F79EFBC}") = "18.2.3. Add value to Generic List", "18.2.3. Add value to Generic List\18.2.3. Add value to Generic List.csproj", "{4C532BC1-F04D-4E2B-9E0A-A58D775D8C04}"
EndProject
Project("{FAE04EC0-301F-11D3-BF4B-00C04F79EFBC}") = "18.2.4. Remove elements from generic List", "18.2.4. Remove elements from generic List\18.2.4. Remove elements from generic List.csproj", "{226D4AAD-DDB5-4FC5-8AF9-78BBC99D7B13}"
EndProject
Project("{FAE04EC0-301F-11D3-BF4B-00C04F79EFBC}") = "18.2.5. Use foreach loop to display the generic list", "18.2.5. Use foreach loop to display the generic list\18.2.5. Use foreach loop to display the generic list.csproj", "{5EB61037-A72F-46F2-8BB8-FAB04F9B5B85}"
EndProject
Project("{FAE04EC0-301F-11D3-BF4B-00C04F79EFBC}") = "18.2.6. List Capacity and Element Count", "18.2.6. List Capacity and Element Count\18.2.6. List Capacity and Element Count.csproj", "{8538545B-1C6E-4C2C-A365-187FE5A5E9E7}"
EndProject
Project("{FAE04EC0-301F-11D3-BF4B-00C04F79EFBC}") = "18.2.7. Change contents in a generic List", "18.2.7. Change contents in a generic List\18.2.7. Change contents in a generic List.csproj", "{63237615-A537-42A0-9A97-DD40A68B900E}"
EndProject
Project("{FAE04EC0-301F-11D3-BF4B-00C04F79EFBC}") = "18.2.8. Store user-defined Objects in a List collection", "18.2.8. Store user-defined Objects in a List collection\18.2.8. Store user-defined Objects in a List collection.csproj", "{C95BFB04-1305-41F8-ABDF-62C6A30A195C}"
EndProject
Project("{FAE04EC0-301F-11D3-BF4B-00C04F79EFBC}") = "List Sort With Comparer", "List Sort With Comparer\List Sort With Comparer.csproj", "{51BB6D2F-52DE-4DC8-8865-BC714FB5743F}"
EndProject
Project("{2150E333-8FDC-42A3-9474-1A3956D46DE8}") = "18.3.Generic Collection", "18.3.Generic Collection", "{A2B4E3B5-CDDF-42F3-AA01-40FD398055E5}"
EndProject
Project("{FAE04EC0-301F-11D3-BF4B-00C04F79EFBC}") = "18.3.1. Generic Collection", "18.3.1. Generic Collection\18.3.1. Generic Collection.csproj", "{2878D1BF-E653-4E0E-A0B3-149EA760ACD8}"
EndProject
Project("{FAE04EC0-301F-11D3-BF4B-00C04F79EFBC}") = "18.3.2. Extends Collection", "18.3.2. Extends Collection\18.3.2. Extends Collection.csproj", "{8788C5E5-1976-4989-B664-E842707A0C9B}"
EndProject
Project("{FAE04EC0-301F-11D3-BF4B-00C04F79EFBC}") = "18.3.3. Action collection", "18.3.3. Action collection\18.3.3. Action collection.csproj", "{6BF58DC0-0D25-41E1-998D-2E9D2E8B3445}"
EndProject
Project("{2150E333-8FDC-42A3-9474-1A3956D46DE8}") = "Net.", "Net.", "{1555A6D3-5627-4FB0-9EEC-6AF4A222C6EB}"
EndProject
Project("{FAE04EC0-301F-11D3-BF4B-00C04F79EFBC}") = "Action01", "Action01\Action01.csproj", "{519BF477-07E0-4521-BA13-12A39019C1A0}"
EndProject
Project("{FAE04EC0-301F-11D3-BF4B-00C04F79EFBC}") = "Action02", "Action02\Action02.csproj", "{EC3A6A22-2E3D-49C2-A623-67B4108D9A2B}"
EndProject
Project("{FAE04EC0-301F-11D3-BF4B-00C04F79EFBC}") = "ShowWindowsMessage Delegate", "ShowWindowsMessage Func\ShowWindowsMessage Delegate.csproj", "{BA411F5D-50E1-46A2-8889-D166BE566D18}"
EndProject
Project("{FAE04EC0-301F-11D3-BF4B-00C04F79EFBC}") = "ShowWindowsMessage Action", "ShowWindowsMessage Act\ShowWindowsMessage Action.csproj", "{CAD817DB-F27B-460E-B9FC-6C7D58F1359F}"
EndProject
Project("{2150E333-8FDC-42A3-9474-1A3956D46DE8}") = "18.4.Generic Stack( 3 )", "18.4.Generic Stack( 3 )", "{3AD58507-1AC9-49B0-B65E-9E5848823F1B}"
EndProject
Project("{FAE04EC0-301F-11D3-BF4B-00C04F79EFBC}") = "18.4.1. Use generic Statck to store your own class", "18.4.Generic Stack( 3 )\18.4.1. Use generic Statck to store your own class.csproj", "{B985FF73-BEF7-4599-81B9-E8DA0A2B948B}"
EndProject
Project("{FAE04EC0-301F-11D3-BF4B-00C04F79EFBC}") = "18.4.2. Generic Stack based on generic Array", "18.4.2. Generic Stack based on generic Array\18.4.2. Generic Stack based on generic Array.csproj", "{9782D9BD-3385-4F65-9B22-3CE8D35F0955}"
EndProject
Project("{FAE04EC0-301F-11D3-BF4B-00C04F79EFBC}") = "18.4.3. Push and pop value in a generic Stack", "18.4.3. Push and pop value in a generic Stack\18.4.3. Push and pop value in a generic Stack.csproj", "{3C0DFA2A-0E0C-4BC4-ADF9-15C8D4F67E76}"
EndProject
Project("{FAE04EC0-301F-11D3-BF4B-00C04F79EFBC}") = "Generic", "Generic\Generic.csproj", "{D2555BCA-2F0A-456C-9CF5-5F454E2AD4C0}"
EndProject
Project("{FAE04EC0-301F-11D3-BF4B-00C04F79EFBC}") = "Generic Methods", "Generic Methods\Generic Methods.csproj", "{81E95105-AC2C-4661-BBB9-60F20DB52F9F}"
EndProject
Project("{2150E333-8FDC-42A3-9474-1A3956D46DE8}") = "18.5.Generic Queue( 1 )", "18.5.Generic Queue( 1 )", "{F78F3E16-8785-4F0F-9BC2-E2AE7B62AEF4}"
EndProject
Project("{FAE04EC0-301F-11D3-BF4B-00C04F79EFBC}") = "18.5.1. Enqueue and Dequeue value in a generic Queue", "18.5.1. Enqueue and Dequeue value in a generic Queue\18.5.1. Enqueue and Dequeue value in a generic Queue.csproj", "{6CE3B7EC-9078-407C-9963-DED09BCB0C27}"
EndProject
Project("{2150E333-8FDC-42A3-9474-1A3956D46DE8}") = "18.6.Generic Dictionary( 1 )", "18.6.Generic Dictionary( 1 )", "{95B63525-08E1-40F4-BE06-266B652DF7B6}"
EndProject
Project("{FAE04EC0-301F-11D3-BF4B-00C04F79EFBC}") = "18.6.1. Create and use a generic Dictionary", "18.6.1. Create and use a generic Dictionary\18.6.1. Create and use a generic Dictionary.csproj", "{074F1423-12DF-431F-9C80-404A54547B55}"
EndProject
Global
	GlobalSection(SolutionConfigurationPlatforms) = preSolution
		Debug|Any CPU = Debug|Any CPU
		Debug|x64 = Debug|x64
		Debug|x86 = Debug|x86
		Release|Any CPU = Release|Any CPU
		Release|x64 = Release|x64
		Release|x86 = Release|x86
	EndGlobalSection
	GlobalSection(ProjectConfigurationPlatforms) = postSolution
		{22907F53-0911-4136-8B05-6759DC2FB672}.Debug|Any CPU.ActiveCfg = Debug|Any CPU
		{22907F53-0911-4136-8B05-6759DC2FB672}.Debug|Any CPU.Build.0 = Debug|Any CPU
		{22907F53-0911-4136-8B05-6759DC2FB672}.Debug|x64.ActiveCfg = Debug|Any CPU
		{22907F53-0911-4136-8B05-6759DC2FB672}.Debug|x64.Build.0 = Debug|Any CPU
		{22907F53-0911-4136-8B05-6759DC2FB672}.Debug|x86.ActiveCfg = Debug|Any CPU
		{22907F53-0911-4136-8B05-6759DC2FB672}.Debug|x86.Build.0 = Debug|Any CPU
		{22907F53-0911-4136-8B05-6759DC2FB672}.Release|Any CPU.ActiveCfg = Release|Any CPU
		{22907F53-0911-4136-8B05-6759DC2FB672}.Release|Any CPU.Build.0 = Release|Any CPU
		{22907F53-0911-4136-8B05-6759DC2FB672}.Release|x64.ActiveCfg = Release|Any CPU
		{22907F53-0911-4136-8B05-6759DC2FB672}.Release|x64.Build.0 = Release|Any CPU
		{22907F53-0911-4136-8B05-6759DC2FB672}.Release|x86.ActiveCfg = Release|Any CPU
		{22907F53-0911-4136-8B05-6759DC2FB672}.Release|x86.Build.0 = Release|Any CPU
		{A2DDE4C0-CCB3-4D15-ABAF-8D61C645B52B}.Debug|Any CPU.ActiveCfg = Debug|Any CPU
		{A2DDE4C0-CCB3-4D15-ABAF-8D61C645B52B}.Debug|Any CPU.Build.0 = Debug|Any CPU
		{A2DDE4C0-CCB3-4D15-ABAF-8D61C645B52B}.Debug|x64.ActiveCfg = Debug|Any CPU
		{A2DDE4C0-CCB3-4D15-ABAF-8D61C645B52B}.Debug|x64.Build.0 = Debug|Any CPU
		{A2DDE4C0-CCB3-4D15-ABAF-8D61C645B52B}.Debug|x86.ActiveCfg = Debug|Any CPU
		{A2DDE4C0-CCB3-4D15-ABAF-8D61C645B52B}.Debug|x86.Build.0 = Debug|Any CPU
		{A2DDE4C0-CCB3-4D15-ABAF-8D61C645B52B}.Release|Any CPU.ActiveCfg = Release|Any CPU
		{A2DDE4C0-CCB3-4D15-ABAF-8D61C645B52B}.Release|Any CPU.Build.0 = Release|Any CPU
		{A2DDE4C0-CCB3-4D15-ABAF-8D61C645B52B}.Release|x64.ActiveCfg = Release|Any CPU
		{A2DDE4C0-CCB3-4D15-ABAF-8D61C645B52B}.Release|x64.Build.0 = Release|Any CPU
		{A2DDE4C0-CCB3-4D15-ABAF-8D61C645B52B}.Release|x86.ActiveCfg = Release|Any CPU
		{A2DDE4C0-CCB3-4D15-ABAF-8D61C645B52B}.Release|x86.Build.0 = Release|Any CPU
		{D5186E2B-0199-474A-BFD1-D67F206FB784}.Debug|Any CPU.ActiveCfg = Debug|Any CPU
		{D5186E2B-0199-474A-BFD1-D67F206FB784}.Debug|Any CPU.Build.0 = Debug|Any CPU
		{D5186E2B-0199-474A-BFD1-D67F206FB784}.Debug|x64.ActiveCfg = Debug|Any CPU
		{D5186E2B-0199-474A-BFD1-D67F206FB784}.Debug|x64.Build.0 = Debug|Any CPU
		{D5186E2B-0199-474A-BFD1-D67F206FB784}.Debug|x86.ActiveCfg = Debug|Any CPU
		{D5186E2B-0199-474A-BFD1-D67F206FB784}.Debug|x86.Build.0 = Debug|Any CPU
		{D5186E2B-0199-474A-BFD1-D67F206FB784}.Release|Any CPU.ActiveCfg = Release|Any CPU
		{D5186E2B-0199-474A-BFD1-D67F206FB784}.Release|Any CPU.Build.0 = Release|Any CPU
		{D5186E2B-0199-474A-BFD1-D67F206FB784}.Release|x64.ActiveCfg = Release|Any CPU
		{D5186E2B-0199-474A-BFD1-D67F206FB784}.Release|x64.Build.0 = Release|Any CPU
		{D5186E2B-0199-474A-BFD1-D67F206FB784}.Release|x86.ActiveCfg = Release|Any CPU
		{D5186E2B-0199-474A-BFD1-D67F206FB784}.Release|x86.Build.0 = Release|Any CPU
		{E3F8C6E0-5FAD-4F10-A0EE-A3E7E51CBBAF}.Debug|Any CPU.ActiveCfg = Debug|Any CPU
		{E3F8C6E0-5FAD-4F10-A0EE-A3E7E51CBBAF}.Debug|Any CPU.Build.0 = Debug|Any CPU
		{E3F8C6E0-5FAD-4F10-A0EE-A3E7E51CBBAF}.Debug|x64.ActiveCfg = Debug|Any CPU
		{E3F8C6E0-5FAD-4F10-A0EE-A3E7E51CBBAF}.Debug|x64.Build.0 = Debug|Any CPU
		{E3F8C6E0-5FAD-4F10-A0EE-A3E7E51CBBAF}.Debug|x86.ActiveCfg = Debug|Any CPU
		{E3F8C6E0-5FAD-4F10-A0EE-A3E7E51CBBAF}.Debug|x86.Build.0 = Debug|Any CPU
		{E3F8C6E0-5FAD-4F10-A0EE-A3E7E51CBBAF}.Release|Any CPU.ActiveCfg = Release|Any CPU
		{E3F8C6E0-5FAD-4F10-A0EE-A3E7E51CBBAF}.Release|Any CPU.Build.0 = Release|Any CPU
		{E3F8C6E0-5FAD-4F10-A0EE-A3E7E51CBBAF}.Release|x64.ActiveCfg = Release|Any CPU
		{E3F8C6E0-5FAD-4F10-A0EE-A3E7E51CBBAF}.Release|x64.Build.0 = Release|Any CPU
		{E3F8C6E0-5FAD-4F10-A0EE-A3E7E51CBBAF}.Release|x86.ActiveCfg = Release|Any CPU
		{E3F8C6E0-5FAD-4F10-A0EE-A3E7E51CBBAF}.Release|x86.Build.0 = Release|Any CPU
		{AABE29BC-C534-49DC-8288-EFAE7EE803DB}.Debug|Any CPU.ActiveCfg = Debug|Any CPU
		{AABE29BC-C534-49DC-8288-EFAE7EE803DB}.Debug|Any CPU.Build.0 = Debug|Any CPU
		{AABE29BC-C534-49DC-8288-EFAE7EE803DB}.Debug|x64.ActiveCfg = Debug|Any CPU
		{AABE29BC-C534-49DC-8288-EFAE7EE803DB}.Debug|x64.Build.0 = Debug|Any CPU
		{AABE29BC-C534-49DC-8288-EFAE7EE803DB}.Debug|x86.ActiveCfg = Debug|Any CPU
		{AABE29BC-C534-49DC-8288-EFAE7EE803DB}.Debug|x86.Build.0 = Debug|Any CPU
		{AABE29BC-C534-49DC-8288-EFAE7EE803DB}.Release|Any CPU.ActiveCfg = Release|Any CPU
		{AABE29BC-C534-49DC-8288-EFAE7EE803DB}.Release|Any CPU.Build.0 = Release|Any CPU
		{AABE29BC-C534-49DC-8288-EFAE7EE803DB}.Release|x64.ActiveCfg = Release|Any CPU
		{AABE29BC-C534-49DC-8288-EFAE7EE803DB}.Release|x64.Build.0 = Release|Any CPU
		{AABE29BC-C534-49DC-8288-EFAE7EE803DB}.Release|x86.ActiveCfg = Release|Any CPU
		{AABE29BC-C534-49DC-8288-EFAE7EE803DB}.Release|x86.Build.0 = Release|Any CPU
		{E007019D-4435-468D-A1B0-59B1A72C47F3}.Debug|Any CPU.ActiveCfg = Debug|Any CPU
		{E007019D-4435-468D-A1B0-59B1A72C47F3}.Debug|Any CPU.Build.0 = Debug|Any CPU
		{E007019D-4435-468D-A1B0-59B1A72C47F3}.Debug|x64.ActiveCfg = Debug|Any CPU
		{E007019D-4435-468D-A1B0-59B1A72C47F3}.Debug|x64.Build.0 = Debug|Any CPU
		{E007019D-4435-468D-A1B0-59B1A72C47F3}.Debug|x86.ActiveCfg = Debug|Any CPU
		{E007019D-4435-468D-A1B0-59B1A72C47F3}.Debug|x86.Build.0 = Debug|Any CPU
		{E007019D-4435-468D-A1B0-59B1A72C47F3}.Release|Any CPU.ActiveCfg = Release|Any CPU
		{E007019D-4435-468D-A1B0-59B1A72C47F3}.Release|Any CPU.Build.0 = Release|Any CPU
		{E007019D-4435-468D-A1B0-59B1A72C47F3}.Release|x64.ActiveCfg = Release|Any CPU
		{E007019D-4435-468D-A1B0-59B1A72C47F3}.Release|x64.Build.0 = Release|Any CPU
		{E007019D-4435-468D-A1B0-59B1A72C47F3}.Release|x86.ActiveCfg = Release|Any CPU
		{E007019D-4435-468D-A1B0-59B1A72C47F3}.Release|x86.Build.0 = Release|Any CPU
		{9D62DEB8-0587-4DE3-AB50-48EAE1C62FC6}.Debug|Any CPU.ActiveCfg = Debug|Any CPU
		{9D62DEB8-0587-4DE3-AB50-48EAE1C62FC6}.Debug|Any CPU.Build.0 = Debug|Any CPU
		{9D62DEB8-0587-4DE3-AB50-48EAE1C62FC6}.Debug|x64.ActiveCfg = Debug|Any CPU
		{9D62DEB8-0587-4DE3-AB50-48EAE1C62FC6}.Debug|x64.Build.0 = Debug|Any CPU
		{9D62DEB8-0587-4DE3-AB50-48EAE1C62FC6}.Debug|x86.ActiveCfg = Debug|Any CPU
		{9D62DEB8-0587-4DE3-AB50-48EAE1C62FC6}.Debug|x86.Build.0 = Debug|Any CPU
		{9D62DEB8-0587-4DE3-AB50-48EAE1C62FC6}.Release|Any CPU.ActiveCfg = Release|Any CPU
		{9D62DEB8-0587-4DE3-AB50-48EAE1C62FC6}.Release|Any CPU.Build.0 = Release|Any CPU
		{9D62DEB8-0587-4DE3-AB50-48EAE1C62FC6}.Release|x64.ActiveCfg = Release|Any CPU
		{9D62DEB8-0587-4DE3-AB50-48EAE1C62FC6}.Release|x64.Build.0 = Release|Any CPU
		{9D62DEB8-0587-4DE3-AB50-48EAE1C62FC6}.Release|x86.ActiveCfg = Release|Any CPU
		{9D62DEB8-0587-4DE3-AB50-48EAE1C62FC6}.Release|x86.Build.0 = Release|Any CPU
		{913CF2ED-ECEE-447A-A6B6-08DC955C1D90}.Debug|Any CPU.ActiveCfg = Debug|Any CPU
		{913CF2ED-ECEE-447A-A6B6-08DC955C1D90}.Debug|Any CPU.Build.0 = Debug|Any CPU
		{913CF2ED-ECEE-447A-A6B6-08DC955C1D90}.Debug|x64.ActiveCfg = Debug|Any CPU
		{913CF2ED-ECEE-447A-A6B6-08DC955C1D90}.Debug|x64.Build.0 = Debug|Any CPU
		{913CF2ED-ECEE-447A-A6B6-08DC955C1D90}.Debug|x86.ActiveCfg = Debug|Any CPU
		{913CF2ED-ECEE-447A-A6B6-08DC955C1D90}.Debug|x86.Build.0 = Debug|Any CPU
		{913CF2ED-ECEE-447A-A6B6-08DC955C1D90}.Release|Any CPU.ActiveCfg = Release|Any CPU
		{913CF2ED-ECEE-447A-A6B6-08DC955C1D90}.Release|Any CPU.Build.0 = Release|Any CPU
		{913CF2ED-ECEE-447A-A6B6-08DC955C1D90}.Release|x64.ActiveCfg = Release|Any CPU
		{913CF2ED-ECEE-447A-A6B6-08DC955C1D90}.Release|x64.Build.0 = Release|Any CPU
		{913CF2ED-ECEE-447A-A6B6-08DC955C1D90}.Release|x86.ActiveCfg = Release|Any CPU
		{913CF2ED-ECEE-447A-A6B6-08DC955C1D90}.Release|x86.Build.0 = Release|Any CPU
		{4C532BC1-F04D-4E2B-9E0A-A58D775D8C04}.Debug|Any CPU.ActiveCfg = Debug|Any CPU
		{4C532BC1-F04D-4E2B-9E0A-A58D775D8C04}.Debug|Any CPU.Build.0 = Debug|Any CPU
		{4C532BC1-F04D-4E2B-9E0A-A58D775D8C04}.Debug|x64.ActiveCfg = Debug|Any CPU
		{4C532BC1-F04D-4E2B-9E0A-A58D775D8C04}.Debug|x64.Build.0 = Debug|Any CPU
		{4C532BC1-F04D-4E2B-9E0A-A58D775D8C04}.Debug|x86.ActiveCfg = Debug|Any CPU
		{4C532BC1-F04D-4E2B-9E0A-A58D775D8C04}.Debug|x86.Build.0 = Debug|Any CPU
		{4C532BC1-F04D-4E2B-9E0A-A58D775D8C04}.Release|Any CPU.ActiveCfg = Release|Any CPU
		{4C532BC1-F04D-4E2B-9E0A-A58D775D8C04}.Release|Any CPU.Build.0 = Release|Any CPU
		{4C532BC1-F04D-4E2B-9E0A-A58D775D8C04}.Release|x64.ActiveCfg = Release|Any CPU
		{4C532BC1-F04D-4E2B-9E0A-A58D775D8C04}.Release|x64.Build.0 = Release|Any CPU
		{4C532BC1-F04D-4E2B-9E0A-A58D775D8C04}.Release|x86.ActiveCfg = Release|Any CPU
		{4C532BC1-F04D-4E2B-9E0A-A58D775D8C04}.Release|x86.Build.0 = Release|Any CPU
		{226D4AAD-DDB5-4FC5-8AF9-78BBC99D7B13}.Debug|Any CPU.ActiveCfg = Debug|Any CPU
		{226D4AAD-DDB5-4FC5-8AF9-78BBC99D7B13}.Debug|Any CPU.Build.0 = Debug|Any CPU
		{226D4AAD-DDB5-4FC5-8AF9-78BBC99D7B13}.Debug|x64.ActiveCfg = Debug|Any CPU
		{226D4AAD-DDB5-4FC5-8AF9-78BBC99D7B13}.Debug|x64.Build.0 = Debug|Any CPU
		{226D4AAD-DDB5-4FC5-8AF9-78BBC99D7B13}.Debug|x86.ActiveCfg = Debug|Any CPU
		{226D4AAD-DDB5-4FC5-8AF9-78BBC99D7B13}.Debug|x86.Build.0 = Debug|Any CPU
		{226D4AAD-DDB5-4FC5-8AF9-78BBC99D7B13}.Release|Any CPU.ActiveCfg = Release|Any CPU
		{226D4AAD-DDB5-4FC5-8AF9-78BBC99D7B13}.Release|Any CPU.Build.0 = Release|Any CPU
		{226D4AAD-DDB5-4FC5-8AF9-78BBC99D7B13}.Release|x64.ActiveCfg = Release|Any CPU
		{226D4AAD-DDB5-4FC5-8AF9-78BBC99D7B13}.Release|x64.Build.0 = Release|Any CPU
		{226D4AAD-DDB5-4FC5-8AF9-78BBC99D7B13}.Release|x86.ActiveCfg = Release|Any CPU
		{226D4AAD-DDB5-4FC5-8AF9-78BBC99D7B13}.Release|x86.Build.0 = Release|Any CPU
		{5EB61037-A72F-46F2-8BB8-FAB04F9B5B85}.Debug|Any CPU.ActiveCfg = Debug|Any CPU
		{5EB61037-A72F-46F2-8BB8-FAB04F9B5B85}.Debug|Any CPU.Build.0 = Debug|Any CPU
		{5EB61037-A72F-46F2-8BB8-FAB04F9B5B85}.Debug|x64.ActiveCfg = Debug|Any CPU
		{5EB61037-A72F-46F2-8BB8-FAB04F9B5B85}.Debug|x64.Build.0 = Debug|Any CPU
		{5EB61037-A72F-46F2-8BB8-FAB04F9B5B85}.Debug|x86.ActiveCfg = Debug|Any CPU
		{5EB61037-A72F-46F2-8BB8-FAB04F9B5B85}.Debug|x86.Build.0 = Debug|Any CPU
		{5EB61037-A72F-46F2-8BB8-FAB04F9B5B85}.Release|Any CPU.ActiveCfg = Release|Any CPU
		{5EB61037-A72F-46F2-8BB8-FAB04F9B5B85}.Release|Any CPU.Build.0 = Release|Any CPU
		{5EB61037-A72F-46F2-8BB8-FAB04F9B5B85}.Release|x64.ActiveCfg = Release|Any CPU
		{5EB61037-A72F-46F2-8BB8-FAB04F9B5B85}.Release|x64.Build.0 = Release|Any CPU
		{5EB61037-A72F-46F2-8BB8-FAB04F9B5B85}.Release|x86.ActiveCfg = Release|Any CPU
		{5EB61037-A72F-46F2-8BB8-FAB04F9B5B85}.Release|x86.Build.0 = Release|Any CPU
		{8538545B-1C6E-4C2C-A365-187FE5A5E9E7}.Debug|Any CPU.ActiveCfg = Debug|Any CPU
		{8538545B-1C6E-4C2C-A365-187FE5A5E9E7}.Debug|Any CPU.Build.0 = Debug|Any CPU
		{8538545B-1C6E-4C2C-A365-187FE5A5E9E7}.Debug|x64.ActiveCfg = Debug|Any CPU
		{8538545B-1C6E-4C2C-A365-187FE5A5E9E7}.Debug|x64.Build.0 = Debug|Any CPU
		{8538545B-1C6E-4C2C-A365-187FE5A5E9E7}.Debug|x86.ActiveCfg = Debug|Any CPU
		{8538545B-1C6E-4C2C-A365-187FE5A5E9E7}.Debug|x86.Build.0 = Debug|Any CPU
		{8538545B-1C6E-4C2C-A365-187FE5A5E9E7}.Release|Any CPU.ActiveCfg = Release|Any CPU
		{8538545B-1C6E-4C2C-A365-187FE5A5E9E7}.Release|Any CPU.Build.0 = Release|Any CPU
		{8538545B-1C6E-4C2C-A365-187FE5A5E9E7}.Release|x64.ActiveCfg = Release|Any CPU
		{8538545B-1C6E-4C2C-A365-187FE5A5E9E7}.Release|x64.Build.0 = Release|Any CPU
		{8538545B-1C6E-4C2C-A365-187FE5A5E9E7}.Release|x86.ActiveCfg = Release|Any CPU
		{8538545B-1C6E-4C2C-A365-187FE5A5E9E7}.Release|x86.Build.0 = Release|Any CPU
		{63237615-A537-42A0-9A97-DD40A68B900E}.Debug|Any CPU.ActiveCfg = Debug|Any CPU
		{63237615-A537-42A0-9A97-DD40A68B900E}.Debug|Any CPU.Build.0 = Debug|Any CPU
		{63237615-A537-42A0-9A97-DD40A68B900E}.Debug|x64.ActiveCfg = Debug|Any CPU
		{63237615-A537-42A0-9A97-DD40A68B900E}.Debug|x64.Build.0 = Debug|Any CPU
		{63237615-A537-42A0-9A97-DD40A68B900E}.Debug|x86.ActiveCfg = Debug|Any CPU
		{63237615-A537-42A0-9A97-DD40A68B900E}.Debug|x86.Build.0 = Debug|Any CPU
		{63237615-A537-42A0-9A97-DD40A68B900E}.Release|Any CPU.ActiveCfg = Release|Any CPU
		{63237615-A537-42A0-9A97-DD40A68B900E}.Release|Any CPU.Build.0 = Release|Any CPU
		{63237615-A537-42A0-9A97-DD40A68B900E}.Release|x64.ActiveCfg = Release|Any CPU
		{63237615-A537-42A0-9A97-DD40A68B900E}.Release|x64.Build.0 = Release|Any CPU
		{63237615-A537-42A0-9A97-DD40A68B900E}.Release|x86.ActiveCfg = Release|Any CPU
		{63237615-A537-42A0-9A97-DD40A68B900E}.Release|x86.Build.0 = Release|Any CPU
		{C95BFB04-1305-41F8-ABDF-62C6A30A195C}.Debug|Any CPU.ActiveCfg = Debug|Any CPU
		{C95BFB04-1305-41F8-ABDF-62C6A30A195C}.Debug|Any CPU.Build.0 = Debug|Any CPU
		{C95BFB04-1305-41F8-ABDF-62C6A30A195C}.Debug|x64.ActiveCfg = Debug|Any CPU
		{C95BFB04-1305-41F8-ABDF-62C6A30A195C}.Debug|x64.Build.0 = Debug|Any CPU
		{C95BFB04-1305-41F8-ABDF-62C6A30A195C}.Debug|x86.ActiveCfg = Debug|Any CPU
		{C95BFB04-1305-41F8-ABDF-62C6A30A195C}.Debug|x86.Build.0 = Debug|Any CPU
		{C95BFB04-1305-41F8-ABDF-62C6A30A195C}.Release|Any CPU.ActiveCfg = Release|Any CPU
		{C95BFB04-1305-41F8-ABDF-62C6A30A195C}.Release|Any CPU.Build.0 = Release|Any CPU
		{C95BFB04-1305-41F8-ABDF-62C6A30A195C}.Release|x64.ActiveCfg = Release|Any CPU
		{C95BFB04-1305-41F8-ABDF-62C6A30A195C}.Release|x64.Build.0 = Release|Any CPU
		{C95BFB04-1305-41F8-ABDF-62C6A30A195C}.Release|x86.ActiveCfg = Release|Any CPU
		{C95BFB04-1305-41F8-ABDF-62C6A30A195C}.Release|x86.Build.0 = Release|Any CPU
		{51BB6D2F-52DE-4DC8-8865-BC714FB5743F}.Debug|Any CPU.ActiveCfg = Debug|Any CPU
		{51BB6D2F-52DE-4DC8-8865-BC714FB5743F}.Debug|Any CPU.Build.0 = Debug|Any CPU
		{51BB6D2F-52DE-4DC8-8865-BC714FB5743F}.Debug|x64.ActiveCfg = Debug|Any CPU
		{51BB6D2F-52DE-4DC8-8865-BC714FB5743F}.Debug|x64.Build.0 = Debug|Any CPU
		{51BB6D2F-52DE-4DC8-8865-BC714FB5743F}.Debug|x86.ActiveCfg = Debug|Any CPU
		{51BB6D2F-52DE-4DC8-8865-BC714FB5743F}.Debug|x86.Build.0 = Debug|Any CPU
		{51BB6D2F-52DE-4DC8-8865-BC714FB5743F}.Release|Any CPU.ActiveCfg = Release|Any CPU
		{51BB6D2F-52DE-4DC8-8865-BC714FB5743F}.Release|Any CPU.Build.0 = Release|Any CPU
		{51BB6D2F-52DE-4DC8-8865-BC714FB5743F}.Release|x64.ActiveCfg = Release|Any CPU
		{51BB6D2F-52DE-4DC8-8865-BC714FB5743F}.Release|x64.Build.0 = Release|Any CPU
		{51BB6D2F-52DE-4DC8-8865-BC714FB5743F}.Release|x86.ActiveCfg = Release|Any CPU
		{51BB6D2F-52DE-4DC8-8865-BC714FB5743F}.Release|x86.Build.0 = Release|Any CPU
		{2878D1BF-E653-4E0E-A0B3-149EA760ACD8}.Debug|Any CPU.ActiveCfg = Debug|Any CPU
		{2878D1BF-E653-4E0E-A0B3-149EA760ACD8}.Debug|Any CPU.Build.0 = Debug|Any CPU
		{2878D1BF-E653-4E0E-A0B3-149EA760ACD8}.Debug|x64.ActiveCfg = Debug|Any CPU
		{2878D1BF-E653-4E0E-A0B3-149EA760ACD8}.Debug|x64.Build.0 = Debug|Any CPU
		{2878D1BF-E653-4E0E-A0B3-149EA760ACD8}.Debug|x86.ActiveCfg = Debug|Any CPU
		{2878D1BF-E653-4E0E-A0B3-149EA760ACD8}.Debug|x86.Build.0 = Debug|Any CPU
		{2878D1BF-E653-4E0E-A0B3-149EA760ACD8}.Release|Any CPU.ActiveCfg = Release|Any CPU
		{2878D1BF-E653-4E0E-A0B3-149EA760ACD8}.Release|Any CPU.Build.0 = Release|Any CPU
		{2878D1BF-E653-4E0E-A0B3-149EA760ACD8}.Release|x64.ActiveCfg = Release|Any CPU
		{2878D1BF-E653-4E0E-A0B3-149EA760ACD8}.Release|x64.Build.0 = Release|Any CPU
		{2878D1BF-E653-4E0E-A0B3-149EA760ACD8}.Release|x86.ActiveCfg = Release|Any CPU
		{2878D1BF-E653-4E0E-A0B3-149EA760ACD8}.Release|x86.Build.0 = Release|Any CPU
		{8788C5E5-1976-4989-B664-E842707A0C9B}.Debug|Any CPU.ActiveCfg = Debug|Any CPU
		{8788C5E5-1976-4989-B664-E842707A0C9B}.Debug|Any CPU.Build.0 = Debug|Any CPU
		{8788C5E5-1976-4989-B664-E842707A0C9B}.Debug|x64.ActiveCfg = Debug|Any CPU
		{8788C5E5-1976-4989-B664-E842707A0C9B}.Debug|x64.Build.0 = Debug|Any CPU
		{8788C5E5-1976-4989-B664-E842707A0C9B}.Debug|x86.ActiveCfg = Debug|Any CPU
		{8788C5E5-1976-4989-B664-E842707A0C9B}.Debug|x86.Build.0 = Debug|Any CPU
		{8788C5E5-1976-4989-B664-E842707A0C9B}.Release|Any CPU.ActiveCfg = Release|Any CPU
		{8788C5E5-1976-4989-B664-E842707A0C9B}.Release|Any CPU.Build.0 = Release|Any CPU
		{8788C5E5-1976-4989-B664-E842707A0C9B}.Release|x64.ActiveCfg = Release|Any CPU
		{8788C5E5-1976-4989-B664-E842707A0C9B}.Release|x64.Build.0 = Release|Any CPU
		{8788C5E5-1976-4989-B664-E842707A0C9B}.Release|x86.ActiveCfg = Release|Any CPU
		{8788C5E5-1976-4989-B664-E842707A0C9B}.Release|x86.Build.0 = Release|Any CPU
		{6BF58DC0-0D25-41E1-998D-2E9D2E8B3445}.Debug|Any CPU.ActiveCfg = Debug|Any CPU
		{6BF58DC0-0D25-41E1-998D-2E9D2E8B3445}.Debug|Any CPU.Build.0 = Debug|Any CPU
		{6BF58DC0-0D25-41E1-998D-2E9D2E8B3445}.Debug|x64.ActiveCfg = Debug|Any CPU
		{6BF58DC0-0D25-41E1-998D-2E9D2E8B3445}.Debug|x64.Build.0 = Debug|Any CPU
		{6BF58DC0-0D25-41E1-998D-2E9D2E8B3445}.Debug|x86.ActiveCfg = Debug|Any CPU
		{6BF58DC0-0D25-41E1-998D-2E9D2E8B3445}.Debug|x86.Build.0 = Debug|Any CPU
		{6BF58DC0-0D25-41E1-998D-2E9D2E8B3445}.Release|Any CPU.ActiveCfg = Release|Any CPU
		{6BF58DC0-0D25-41E1-998D-2E9D2E8B3445}.Release|Any CPU.Build.0 = Release|Any CPU
		{6BF58DC0-0D25-41E1-998D-2E9D2E8B3445}.Release|x64.ActiveCfg = Release|Any CPU
		{6BF58DC0-0D25-41E1-998D-2E9D2E8B3445}.Release|x64.Build.0 = Release|Any CPU
		{6BF58DC0-0D25-41E1-998D-2E9D2E8B3445}.Release|x86.ActiveCfg = Release|Any CPU
		{6BF58DC0-0D25-41E1-998D-2E9D2E8B3445}.Release|x86.Build.0 = Release|Any CPU
		{519BF477-07E0-4521-BA13-12A39019C1A0}.Debug|Any CPU.ActiveCfg = Debug|Any CPU
		{519BF477-07E0-4521-BA13-12A39019C1A0}.Debug|Any CPU.Build.0 = Debug|Any CPU
		{519BF477-07E0-4521-BA13-12A39019C1A0}.Debug|x64.ActiveCfg = Debug|Any CPU
		{519BF477-07E0-4521-BA13-12A39019C1A0}.Debug|x64.Build.0 = Debug|Any CPU
		{519BF477-07E0-4521-BA13-12A39019C1A0}.Debug|x86.ActiveCfg = Debug|Any CPU
		{519BF477-07E0-4521-BA13-12A39019C1A0}.Debug|x86.Build.0 = Debug|Any CPU
		{519BF477-07E0-4521-BA13-12A39019C1A0}.Release|Any CPU.ActiveCfg = Release|Any CPU
		{519BF477-07E0-4521-BA13-12A39019C1A0}.Release|Any CPU.Build.0 = Release|Any CPU
		{519BF477-07E0-4521-BA13-12A39019C1A0}.Release|x64.ActiveCfg = Release|Any CPU
		{519BF477-07E0-4521-BA13-12A39019C1A0}.Release|x64.Build.0 = Release|Any CPU
		{519BF477-07E0-4521-BA13-12A39019C1A0}.Release|x86.ActiveCfg = Release|Any CPU
		{519BF477-07E0-4521-BA13-12A39019C1A0}.Release|x86.Build.0 = Release|Any CPU
		{EC3A6A22-2E3D-49C2-A623-67B4108D9A2B}.Debug|Any CPU.ActiveCfg = Debug|Any CPU
		{EC3A6A22-2E3D-49C2-A623-67B4108D9A2B}.Debug|Any CPU.Build.0 = Debug|Any CPU
		{EC3A6A22-2E3D-49C2-A623-67B4108D9A2B}.Debug|x64.ActiveCfg = Debug|Any CPU
		{EC3A6A22-2E3D-49C2-A623-67B4108D9A2B}.Debug|x64.Build.0 = Debug|Any CPU
		{EC3A6A22-2E3D-49C2-A623-67B4108D9A2B}.Debug|x86.ActiveCfg = Debug|Any CPU
		{EC3A6A22-2E3D-49C2-A623-67B4108D9A2B}.Debug|x86.Build.0 = Debug|Any CPU
		{EC3A6A22-2E3D-49C2-A623-67B4108D9A2B}.Release|Any CPU.ActiveCfg = Release|Any CPU
		{EC3A6A22-2E3D-49C2-A623-67B4108D9A2B}.Release|Any CPU.Build.0 = Release|Any CPU
		{EC3A6A22-2E3D-49C2-A623-67B4108D9A2B}.Release|x64.ActiveCfg = Release|Any CPU
		{EC3A6A22-2E3D-49C2-A623-67B4108D9A2B}.Release|x64.Build.0 = Release|Any CPU
		{EC3A6A22-2E3D-49C2-A623-67B4108D9A2B}.Release|x86.ActiveCfg = Release|Any CPU
		{EC3A6A22-2E3D-49C2-A623-67B4108D9A2B}.Release|x86.Build.0 = Release|Any CPU
		{BA411F5D-50E1-46A2-8889-D166BE566D18}.Debug|Any CPU.ActiveCfg = Debug|Any CPU
		{BA411F5D-50E1-46A2-8889-D166BE566D18}.Debug|Any CPU.Build.0 = Debug|Any CPU
		{BA411F5D-50E1-46A2-8889-D166BE566D18}.Debug|x64.ActiveCfg = Debug|Any CPU
		{BA411F5D-50E1-46A2-8889-D166BE566D18}.Debug|x64.Build.0 = Debug|Any CPU
		{BA411F5D-50E1-46A2-8889-D166BE566D18}.Debug|x86.ActiveCfg = Debug|Any CPU
		{BA411F5D-50E1-46A2-8889-D166BE566D18}.Debug|x86.Build.0 = Debug|Any CPU
		{BA411F5D-50E1-46A2-8889-D166BE566D18}.Release|Any CPU.ActiveCfg = Release|Any CPU
		{BA411F5D-50E1-46A2-8889-D166BE566D18}.Release|Any CPU.Build.0 = Release|Any CPU
		{BA411F5D-50E1-46A2-8889-D166BE566D18}.Release|x64.ActiveCfg = Release|Any CPU
		{BA411F5D-50E1-46A2-8889-D166BE566D18}.Release|x64.Build.0 = Release|Any CPU
		{BA411F5D-50E1-46A2-8889-D166BE566D18}.Release|x86.ActiveCfg = Release|Any CPU
		{BA411F5D-50E1-46A2-8889-D166BE566D18}.Release|x86.Build.0 = Release|Any CPU
		{CAD817DB-F27B-460E-B9FC-6C7D58F1359F}.Debug|Any CPU.ActiveCfg = Debug|Any CPU
		{CAD817DB-F27B-460E-B9FC-6C7D58F1359F}.Debug|Any CPU.Build.0 = Debug|Any CPU
		{CAD817DB-F27B-460E-B9FC-6C7D58F1359F}.Debug|x64.ActiveCfg = Debug|Any CPU
		{CAD817DB-F27B-460E-B9FC-6C7D58F1359F}.Debug|x64.Build.0 = Debug|Any CPU
		{CAD817DB-F27B-460E-B9FC-6C7D58F1359F}.Debug|x86.ActiveCfg = Debug|Any CPU
		{CAD817DB-F27B-460E-B9FC-6C7D58F1359F}.Debug|x86.Build.0 = Debug|Any CPU
		{CAD817DB-F27B-460E-B9FC-6C7D58F1359F}.Release|Any CPU.ActiveCfg = Release|Any CPU
		{CAD817DB-F27B-460E-B9FC-6C7D58F1359F}.Release|Any CPU.Build.0 = Release|Any CPU
		{CAD817DB-F27B-460E-B9FC-6C7D58F1359F}.Release|x64.ActiveCfg = Release|Any CPU
		{CAD817DB-F27B-460E-B9FC-6C7D58F1359F}.Release|x64.Build.0 = Release|Any CPU
		{CAD817DB-F27B-460E-B9FC-6C7D58F1359F}.Release|x86.ActiveCfg = Release|Any CPU
		{CAD817DB-F27B-460E-B9FC-6C7D58F1359F}.Release|x86.Build.0 = Release|Any CPU
		{B985FF73-BEF7-4599-81B9-E8DA0A2B948B}.Debug|Any CPU.ActiveCfg = Debug|Any CPU
		{B985FF73-BEF7-4599-81B9-E8DA0A2B948B}.Debug|Any CPU.Build.0 = Debug|Any CPU
		{B985FF73-BEF7-4599-81B9-E8DA0A2B948B}.Debug|x64.ActiveCfg = Debug|Any CPU
		{B985FF73-BEF7-4599-81B9-E8DA0A2B948B}.Debug|x64.Build.0 = Debug|Any CPU
		{B985FF73-BEF7-4599-81B9-E8DA0A2B948B}.Debug|x86.ActiveCfg = Debug|Any CPU
		{B985FF73-BEF7-4599-81B9-E8DA0A2B948B}.Debug|x86.Build.0 = Debug|Any CPU
		{B985FF73-BEF7-4599-81B9-E8DA0A2B948B}.Release|Any CPU.ActiveCfg = Release|Any CPU
		{B985FF73-BEF7-4599-81B9-E8DA0A2B948B}.Release|Any CPU.Build.0 = Release|Any CPU
		{B985FF73-BEF7-4599-81B9-E8DA0A2B948B}.Release|x64.ActiveCfg = Release|Any CPU
		{B985FF73-BEF7-4599-81B9-E8DA0A2B948B}.Release|x64.Build.0 = Release|Any CPU
		{B985FF73-BEF7-4599-81B9-E8DA0A2B948B}.Release|x86.ActiveCfg = Release|Any CPU
		{B985FF73-BEF7-4599-81B9-E8DA0A2B948B}.Release|x86.Build.0 = Release|Any CPU
		{9782D9BD-3385-4F65-9B22-3CE8D35F0955}.Debug|Any CPU.ActiveCfg = Debug|Any CPU
		{9782D9BD-3385-4F65-9B22-3CE8D35F0955}.Debug|Any CPU.Build.0 = Debug|Any CPU
		{9782D9BD-3385-4F65-9B22-3CE8D35F0955}.Debug|x64.ActiveCfg = Debug|Any CPU
		{9782D9BD-3385-4F65-9B22-3CE8D35F0955}.Debug|x64.Build.0 = Debug|Any CPU
		{9782D9BD-3385-4F65-9B22-3CE8D35F0955}.Debug|x86.ActiveCfg = Debug|Any CPU
		{9782D9BD-3385-4F65-9B22-3CE8D35F0955}.Debug|x86.Build.0 = Debug|Any CPU
		{9782D9BD-3385-4F65-9B22-3CE8D35F0955}.Release|Any CPU.ActiveCfg = Release|Any CPU
		{9782D9BD-3385-4F65-9B22-3CE8D35F0955}.Release|Any CPU.Build.0 = Release|Any CPU
		{9782D9BD-3385-4F65-9B22-3CE8D35F0955}.Release|x64.ActiveCfg = Release|Any CPU
		{9782D9BD-3385-4F65-9B22-3CE8D35F0955}.Release|x64.Build.0 = Release|Any CPU
		{9782D9BD-3385-4F65-9B22-3CE8D35F0955}.Release|x86.ActiveCfg = Release|Any CPU
		{9782D9BD-3385-4F65-9B22-3CE8D35F0955}.Release|x86.Build.0 = Release|Any CPU
		{3C0DFA2A-0E0C-4BC4-ADF9-15C8D4F67E76}.Debug|Any CPU.ActiveCfg = Debug|Any CPU
		{3C0DFA2A-0E0C-4BC4-ADF9-15C8D4F67E76}.Debug|Any CPU.Build.0 = Debug|Any CPU
		{3C0DFA2A-0E0C-4BC4-ADF9-15C8D4F67E76}.Debug|x64.ActiveCfg = Debug|Any CPU
		{3C0DFA2A-0E0C-4BC4-ADF9-15C8D4F67E76}.Debug|x64.Build.0 = Debug|Any CPU
		{3C0DFA2A-0E0C-4BC4-ADF9-15C8D4F67E76}.Debug|x86.ActiveCfg = Debug|Any CPU
		{3C0DFA2A-0E0C-4BC4-ADF9-15C8D4F67E76}.Debug|x86.Build.0 = Debug|Any CPU
		{3C0DFA2A-0E0C-4BC4-ADF9-15C8D4F67E76}.Release|Any CPU.ActiveCfg = Release|Any CPU
		{3C0DFA2A-0E0C-4BC4-ADF9-15C8D4F67E76}.Release|Any CPU.Build.0 = Release|Any CPU
		{3C0DFA2A-0E0C-4BC4-ADF9-15C8D4F67E76}.Release|x64.ActiveCfg = Release|Any CPU
		{3C0DFA2A-0E0C-4BC4-ADF9-15C8D4F67E76}.Release|x64.Build.0 = Release|Any CPU
		{3C0DFA2A-0E0C-4BC4-ADF9-15C8D4F67E76}.Release|x86.ActiveCfg = Release|Any CPU
		{3C0DFA2A-0E0C-4BC4-ADF9-15C8D4F67E76}.Release|x86.Build.0 = Release|Any CPU
		{D2555BCA-2F0A-456C-9CF5-5F454E2AD4C0}.Debug|Any CPU.ActiveCfg = Debug|Any CPU
		{D2555BCA-2F0A-456C-9CF5-5F454E2AD4C0}.Debug|Any CPU.Build.0 = Debug|Any CPU
		{D2555BCA-2F0A-456C-9CF5-5F454E2AD4C0}.Debug|x64.ActiveCfg = Debug|Any CPU
		{D2555BCA-2F0A-456C-9CF5-5F454E2AD4C0}.Debug|x64.Build.0 = Debug|Any CPU
		{D2555BCA-2F0A-456C-9CF5-5F454E2AD4C0}.Debug|x86.ActiveCfg = Debug|Any CPU
		{D2555BCA-2F0A-456C-9CF5-5F454E2AD4C0}.Debug|x86.Build.0 = Debug|Any CPU
		{D2555BCA-2F0A-456C-9CF5-5F454E2AD4C0}.Release|Any CPU.ActiveCfg = Release|Any CPU
		{D2555BCA-2F0A-456C-9CF5-5F454E2AD4C0}.Release|Any CPU.Build.0 = Release|Any CPU
		{D2555BCA-2F0A-456C-9CF5-5F454E2AD4C0}.Release|x64.ActiveCfg = Release|Any CPU
		{D2555BCA-2F0A-456C-9CF5-5F454E2AD4C0}.Release|x64.Build.0 = Release|Any CPU
		{D2555BCA-2F0A-456C-9CF5-5F454E2AD4C0}.Release|x86.ActiveCfg = Release|Any CPU
		{D2555BCA-2F0A-456C-9CF5-5F454E2AD4C0}.Release|x86.Build.0 = Release|Any CPU
		{81E95105-AC2C-4661-BBB9-60F20DB52F9F}.Debug|Any CPU.ActiveCfg = Debug|Any CPU
		{81E95105-AC2C-4661-BBB9-60F20DB52F9F}.Debug|Any CPU.Build.0 = Debug|Any CPU
		{81E95105-AC2C-4661-BBB9-60F20DB52F9F}.Debug|x64.ActiveCfg = Debug|Any CPU
		{81E95105-AC2C-4661-BBB9-60F20DB52F9F}.Debug|x64.Build.0 = Debug|Any CPU
		{81E95105-AC2C-4661-BBB9-60F20DB52F9F}.Debug|x86.ActiveCfg = Debug|Any CPU
		{81E95105-AC2C-4661-BBB9-60F20DB52F9F}.Debug|x86.Build.0 = Debug|Any CPU
		{81E95105-AC2C-4661-BBB9-60F20DB52F9F}.Release|Any CPU.ActiveCfg = Release|Any CPU
		{81E95105-AC2C-4661-BBB9-60F20DB52F9F}.Release|Any CPU.Build.0 = Release|Any CPU
		{81E95105-AC2C-4661-BBB9-60F20DB52F9F}.Release|x64.ActiveCfg = Release|Any CPU
		{81E95105-AC2C-4661-BBB9-60F20DB52F9F}.Release|x64.Build.0 = Release|Any CPU
		{81E95105-AC2C-4661-BBB9-60F20DB52F9F}.Release|x86.ActiveCfg = Release|Any CPU
		{81E95105-AC2C-4661-BBB9-60F20DB52F9F}.Release|x86.Build.0 = Release|Any CPU
		{6CE3B7EC-9078-407C-9963-DED09BCB0C27}.Debug|Any CPU.ActiveCfg = Debug|Any CPU
		{6CE3B7EC-9078-407C-9963-DED09BCB0C27}.Debug|Any CPU.Build.0 = Debug|Any CPU
		{6CE3B7EC-9078-407C-9963-DED09BCB0C27}.Debug|x64.ActiveCfg = Debug|Any CPU
		{6CE3B7EC-9078-407C-9963-DED09BCB0C27}.Debug|x64.Build.0 = Debug|Any CPU
		{6CE3B7EC-9078-407C-9963-DED09BCB0C27}.Debug|x86.ActiveCfg = Debug|Any CPU
		{6CE3B7EC-9078-407C-9963-DED09BCB0C27}.Debug|x86.Build.0 = Debug|Any CPU
		{6CE3B7EC-9078-407C-9963-DED09BCB0C27}.Release|Any CPU.ActiveCfg = Release|Any CPU
		{6CE3B7EC-9078-407C-9963-DED09BCB0C27}.Release|Any CPU.Build.0 = Release|Any CPU
		{6CE3B7EC-9078-407C-9963-DED09BCB0C27}.Release|x64.ActiveCfg = Release|Any CPU
		{6CE3B7EC-9078-407C-9963-DED09BCB0C27}.Release|x64.Build.0 = Release|Any CPU
		{6CE3B7EC-9078-407C-9963-DED09BCB0C27}.Release|x86.ActiveCfg = Release|Any CPU
		{6CE3B7EC-9078-407C-9963-DED09BCB0C27}.Release|x86.Build.0 = Release|Any CPU
		{074F1423-12DF-431F-9C80-404A54547B55}.Debug|Any CPU.ActiveCfg = Debug|Any CPU
		{074F1423-12DF-431F-9C80-404A54547B55}.Debug|Any CPU.Build.0 = Debug|Any CPU
		{074F1423-12DF-431F-9C80-404A54547B55}.Debug|x64.ActiveCfg = Debug|Any CPU
		{074F1423-12DF-431F-9C80-404A54547B55}.Debug|x64.Build.0 = Debug|Any CPU
		{074F1423-12DF-431F-9C80-404A54547B55}.Debug|x86.ActiveCfg = Debug|Any CPU
		{074F1423-12DF-431F-9C80-404A54547B55}.Debug|x86.Build.0 = Debug|Any CPU
		{074F1423-12DF-431F-9C80-404A54547B55}.Release|Any CPU.ActiveCfg = Release|Any CPU
		{074F1423-12DF-431F-9C80-404A54547B55}.Release|Any CPU.Build.0 = Release|Any CPU
		{074F1423-12DF-431F-9C80-404A54547B55}.Release|x64.ActiveCfg = Release|Any CPU
		{074F1423-12DF-431F-9C80-404A54547B55}.Release|x64.Build.0 = Release|Any CPU
		{074F1423-12DF-431F-9C80-404A54547B55}.Release|x86.ActiveCfg = Release|Any CPU
		{074F1423-12DF-431F-9C80-404A54547B55}.Release|x86.Build.0 = Release|Any CPU
	EndGlobalSection
	GlobalSection(SolutionProperties) = preSolution
		HideSolutionNode = FALSE
	EndGlobalSection
	GlobalSection(NestedProjects) = preSolution
		{22907F53-0911-4136-8B05-6759DC2FB672} = {737BD5CB-CFF4-4E26-B2A1-BA58E50B8878}
		{A2DDE4C0-CCB3-4D15-ABAF-8D61C645B52B} = {4E8FEC3A-24B8-4A67-827A-096FCCFE50D2}
		{D5186E2B-0199-474A-BFD1-D67F206FB784} = {4E8FEC3A-24B8-4A67-827A-096FCCFE50D2}
		{E3F8C6E0-5FAD-4F10-A0EE-A3E7E51CBBAF} = {4E8FEC3A-24B8-4A67-827A-096FCCFE50D2}
		{AABE29BC-C534-49DC-8288-EFAE7EE803DB} = {4E8FEC3A-24B8-4A67-827A-096FCCFE50D2}
		{E007019D-4435-468D-A1B0-59B1A72C47F3} = {737BD5CB-CFF4-4E26-B2A1-BA58E50B8878}
		{9D62DEB8-0587-4DE3-AB50-48EAE1C62FC6} = {84DB4479-DFA6-400F-B659-204B0A8E6ACB}
		{913CF2ED-ECEE-447A-A6B6-08DC955C1D90} = {84DB4479-DFA6-400F-B659-204B0A8E6ACB}
		{4C532BC1-F04D-4E2B-9E0A-A58D775D8C04} = {84DB4479-DFA6-400F-B659-204B0A8E6ACB}
		{226D4AAD-DDB5-4FC5-8AF9-78BBC99D7B13} = {84DB4479-DFA6-400F-B659-204B0A8E6ACB}
		{5EB61037-A72F-46F2-8BB8-FAB04F9B5B85} = {84DB4479-DFA6-400F-B659-204B0A8E6ACB}
		{8538545B-1C6E-4C2C-A365-187FE5A5E9E7} = {84DB4479-DFA6-400F-B659-204B0A8E6ACB}
		{63237615-A537-42A0-9A97-DD40A68B900E} = {84DB4479-DFA6-400F-B659-204B0A8E6ACB}
		{C95BFB04-1305-41F8-ABDF-62C6A30A195C} = {84DB4479-DFA6-400F-B659-204B0A8E6ACB}
		{51BB6D2F-52DE-4DC8-8865-BC714FB5743F} = {84DB4479-DFA6-400F-B659-204B0A8E6ACB}
		{2878D1BF-E653-4E0E-A0B3-149EA760ACD8} = {A2B4E3B5-CDDF-42F3-AA01-40FD398055E5}
		{8788C5E5-1976-4989-B664-E842707A0C9B} = {A2B4E3B5-CDDF-42F3-AA01-40FD398055E5}
		{6BF58DC0-0D25-41E1-998D-2E9D2E8B3445} = {A2B4E3B5-CDDF-42F3-AA01-40FD398055E5}
		{519BF477-07E0-4521-BA13-12A39019C1A0} = {1555A6D3-5627-4FB0-9EEC-6AF4A222C6EB}
		{EC3A6A22-2E3D-49C2-A623-67B4108D9A2B} = {1555A6D3-5627-4FB0-9EEC-6AF4A222C6EB}
		{BA411F5D-50E1-46A2-8889-D166BE566D18} = {1555A6D3-5627-4FB0-9EEC-6AF4A222C6EB}
		{CAD817DB-F27B-460E-B9FC-6C7D58F1359F} = {1555A6D3-5627-4FB0-9EEC-6AF4A222C6EB}
		{B985FF73-BEF7-4599-81B9-E8DA0A2B948B} = {3AD58507-1AC9-49B0-B65E-9E5848823F1B}
		{9782D9BD-3385-4F65-9B22-3CE8D35F0955} = {3AD58507-1AC9-49B0-B65E-9E5848823F1B}
		{3C0DFA2A-0E0C-4BC4-ADF9-15C8D4F67E76} = {3AD58507-1AC9-49B0-B65E-9E5848823F1B}
		{6CE3B7EC-9078-407C-9963-DED09BCB0C27} = {F78F3E16-8785-4F0F-9BC2-E2AE7B62AEF4}
		{074F1423-12DF-431F-9C80-404A54547B55} = {95B63525-08E1-40F4-BE06-266B652DF7B6}
	EndGlobalSection
	GlobalSection(ExtensibilityGlobals) = postSolution
		SolutionGuid = {EB190356-D269-43DC-A1A2-D5B31F7E74B0}
	EndGlobalSection
EndGlobal
