
Microsoft Visual Studio Solution File, Format Version 12.00
# Visual Studio 15
VisualStudioVersion = 15.0.27130.2010
MinimumVisualStudioVersion = 10.0.40219.1
Project("{2150E333-8FDC-42A3-9474-1A3956D46DE8}") = "18.1.Introduction( 2 )", "18.1.Introduction( 2 )", "{737BD5CB-CFF4-4E26-B2A1-BA58E50B8878}"
EndProject
Project("{FAE04EC0-301F-11D3-BF4B-00C04F79EFBC}") = "18.1.1. Life without generics", "18.1.1. Life without generics\18.1.1. Life without generics.csproj", "{22907F53-0911-4136-8B05-6759DC2FB672}"
EndProject
Global
	GlobalSection(SolutionConfigurationPlatforms) = preSolution
		Debug|Any CPU = Debug|Any CPU
		Release|Any CPU = Release|Any CPU
	EndGlobalSection
	GlobalSection(ProjectConfigurationPlatforms) = postSolution
		{22907F53-0911-4136-8B05-6759DC2FB672}.Debug|Any CPU.ActiveCfg = Debug|Any CPU
		{22907F53-0911-4136-8B05-6759DC2FB672}.Debug|Any CPU.Build.0 = Debug|Any CPU
		{22907F53-0911-4136-8B05-6759DC2FB672}.Release|Any CPU.ActiveCfg = Release|Any CPU
		{22907F53-0911-4136-8B05-6759DC2FB672}.Release|Any CPU.Build.0 = Release|Any CPU
	EndGlobalSection
	GlobalSection(SolutionProperties) = preSolution
		HideSolutionNode = FALSE
	EndGlobalSection
	GlobalSection(NestedProjects) = preSolution
		{22907F53-0911-4136-8B05-6759DC2FB672} = {737BD5CB-CFF4-4E26-B2A1-BA58E50B8878}
	EndGlobalSection
	GlobalSection(ExtensibilityGlobals) = postSolution
		SolutionGuid = {EB190356-D269-43DC-A1A2-D5B31F7E74B0}
	EndGlobalSection
EndGlobal
